<?xml version="1.0" encoding="utf-8"?>
<Project ToolsVersion="4.0" xmlns="http://schemas.microsoft.com/developer/msbuild/2003">
  <ItemGroup>
    <Filter Include="Source Files">
      <UniqueIdentifier>{4FC737F1-C7A5-4376-A066-2A32D752A2FF}</UniqueIdentifier>
      <Extensions>cpp;c;cc;cxx;def;odl;idl;hpj;bat;asm;asmx</Extensions>
    </Filter>
    <Filter Include="Header Files">
      <UniqueIdentifier>{93995380-89BD-4b04-88EB-625FBE52EBFB}</UniqueIdentifier>
      <Extensions>h;hh;hpp;hxx;hm;inl;inc;xsd</Extensions>
    </Filter>
    <Filter Include="Resource Files">
      <UniqueIdentifier>{67DA6AB6-F800-4c08-8B7A-83BB121AAD01}</UniqueIdentifier>
      <Extensions>rc;ico;cur;bmp;dlg;rc2;rct;bin;rgs;gif;jpg;jpeg;jpe;resx;tiff;tif;png;wav;mfcribbon-ms</Extensions>
    </Filter>
  </ItemGroup>
  <ItemGroup>
    <Text Include="ReadMe.txt" />
  </ItemGroup>
  <ItemGroup>
    <ClCompile Include="..\..\webrtc\modules\rtp_rtcp\source\bitrate.cc">
      <Filter>Source Files</Filter>
    </ClCompile>
    <ClCompile Include="..\..\webrtc\modules\rtp_rtcp\source\dtmf_queue.cc">
      <Filter>Source Files</Filter>
    </ClCompile>
    <ClCompile Include="..\..\webrtc\modules\rtp_rtcp\source\fec_receiver_impl.cc">
      <Filter>Source Files</Filter>
    </ClCompile>
    <ClCompile Include="..\..\webrtc\modules\rtp_rtcp\source\fec_test_helper.cc">
      <Filter>Source Files</Filter>
    </ClCompile>
    <ClCompile Include="..\..\webrtc\modules\rtp_rtcp\source\forward_error_correction.cc">
      <Filter>Source Files</Filter>
    </ClCompile>
    <ClCompile Include="..\..\webrtc\modules\rtp_rtcp\source\forward_error_correction_internal.cc">
      <Filter>Source Files</Filter>
    </ClCompile>
    <ClCompile Include="..\..\webrtc\modules\rtp_rtcp\source\h264_bitstream_parser.cc">
      <Filter>Source Files</Filter>
    </ClCompile>
    <ClCompile Include="..\..\webrtc\modules\rtp_rtcp\source\h264_sps_parser.cc">
      <Filter>Source Files</Filter>
    </ClCompile>
    <ClCompile Include="..\..\webrtc\modules\rtp_rtcp\source\packet_loss_stats.cc">
      <Filter>Source Files</Filter>
    </ClCompile>
    <ClCompile Include="..\..\webrtc\modules\rtp_rtcp\source\producer_fec.cc">
      <Filter>Source Files</Filter>
    </ClCompile>
    <ClCompile Include="..\..\webrtc\modules\rtp_rtcp\source\receive_statistics_impl.cc">
      <Filter>Source Files</Filter>
    </ClCompile>
    <ClCompile Include="..\..\webrtc\modules\rtp_rtcp\source\remote_ntp_time_estimator.cc">
      <Filter>Source Files</Filter>
    </ClCompile>
    <ClCompile Include="..\..\webrtc\modules\rtp_rtcp\source\rtcp_packet.cc">
      <Filter>Source Files</Filter>
    </ClCompile>
    <ClCompile Include="..\..\webrtc\modules\rtp_rtcp\source\rtcp_receiver.cc">
      <Filter>Source Files</Filter>
    </ClCompile>
    <ClCompile Include="..\..\webrtc\modules\rtp_rtcp\source\rtcp_receiver_help.cc">
      <Filter>Source Files</Filter>
    </ClCompile>
    <ClCompile Include="..\..\webrtc\modules\rtp_rtcp\source\rtcp_sender.cc">
      <Filter>Source Files</Filter>
    </ClCompile>
    <ClCompile Include="..\..\webrtc\modules\rtp_rtcp\source\rtcp_utility.cc">
      <Filter>Source Files</Filter>
    </ClCompile>
    <ClCompile Include="..\..\webrtc\modules\rtp_rtcp\source\rtp_format.cc">
      <Filter>Source Files</Filter>
    </ClCompile>
    <ClCompile Include="..\..\webrtc\modules\rtp_rtcp\source\rtp_format_h264.cc">
      <Filter>Source Files</Filter>
    </ClCompile>
    <ClCompile Include="..\..\webrtc\modules\rtp_rtcp\source\rtp_format_video_generic.cc">
      <Filter>Source Files</Filter>
    </ClCompile>
    <ClCompile Include="..\..\webrtc\modules\rtp_rtcp\source\rtp_format_vp8.cc">
      <Filter>Source Files</Filter>
    </ClCompile>
    <ClCompile Include="..\..\webrtc\modules\rtp_rtcp\source\rtp_format_vp8_test_helper.cc">
      <Filter>Source Files</Filter>
    </ClCompile>
    <ClCompile Include="..\..\webrtc\modules\rtp_rtcp\source\rtp_format_vp9.cc">
      <Filter>Source Files</Filter>
    </ClCompile>
    <ClCompile Include="..\..\webrtc\modules\rtp_rtcp\source\rtp_header_extension.cc">
      <Filter>Source Files</Filter>
    </ClCompile>
    <ClCompile Include="..\..\webrtc\modules\rtp_rtcp\source\rtp_header_parser.cc">
      <Filter>Source Files</Filter>
    </ClCompile>
    <ClCompile Include="..\..\webrtc\modules\rtp_rtcp\source\rtp_packet_history.cc">
      <Filter>Source Files</Filter>
    </ClCompile>
    <ClCompile Include="..\..\webrtc\modules\rtp_rtcp\source\rtp_payload_registry.cc">
      <Filter>Source Files</Filter>
    </ClCompile>
    <ClCompile Include="..\..\webrtc\modules\rtp_rtcp\source\rtp_receiver_audio.cc">
      <Filter>Source Files</Filter>
    </ClCompile>
    <ClCompile Include="..\..\webrtc\modules\rtp_rtcp\source\rtp_receiver_impl.cc">
      <Filter>Source Files</Filter>
    </ClCompile>
    <ClCompile Include="..\..\webrtc\modules\rtp_rtcp\source\rtp_receiver_strategy.cc">
      <Filter>Source Files</Filter>
    </ClCompile>
    <ClCompile Include="..\..\webrtc\modules\rtp_rtcp\source\rtp_receiver_video.cc">
      <Filter>Source Files</Filter>
    </ClCompile>
    <ClCompile Include="..\..\webrtc\modules\rtp_rtcp\source\rtp_rtcp_impl.cc">
      <Filter>Source Files</Filter>
    </ClCompile>
    <ClCompile Include="..\..\webrtc\modules\rtp_rtcp\source\rtp_sender.cc">
      <Filter>Source Files</Filter>
    </ClCompile>
    <ClCompile Include="..\..\webrtc\modules\rtp_rtcp\source\rtp_sender_audio.cc">
      <Filter>Source Files</Filter>
    </ClCompile>
    <ClCompile Include="..\..\webrtc\modules\rtp_rtcp\source\rtp_sender_video.cc">
      <Filter>Source Files</Filter>
    </ClCompile>
    <ClCompile Include="..\..\webrtc\modules\rtp_rtcp\source\rtp_utility.cc">
      <Filter>Source Files</Filter>
    </ClCompile>
    <ClCompile Include="..\..\webrtc\modules\rtp_rtcp\source\ssrc_database.cc">
      <Filter>Source Files</Filter>
    </ClCompile>
    <ClCompile Include="..\..\webrtc\modules\rtp_rtcp\source\time_util.cc">
      <Filter>Source Files</Filter>
    </ClCompile>
    <ClCompile Include="..\..\webrtc\modules\rtp_rtcp\source\tmmbr_help.cc">
      <Filter>Source Files</Filter>
    </ClCompile>
    <ClCompile Include="..\..\webrtc\modules\rtp_rtcp\source\vp8_partition_aggregator.cc">
      <Filter>Source Files</Filter>
    </ClCompile>
  </ItemGroup>
  <ItemGroup>
    <ClInclude Include="..\..\webrtc\modules\rtp_rtcp\source\bitrate.h">
      <Filter>Header Files</Filter>
    </ClInclude>
    <ClInclude Include="..\..\webrtc\modules\rtp_rtcp\source\byte_io.h">
      <Filter>Header Files</Filter>
    </ClInclude>
    <ClInclude Include="..\..\webrtc\modules\rtp_rtcp\source\dtmf_queue.h">
      <Filter>Header Files</Filter>
    </ClInclude>
    <ClInclude Include="..\..\webrtc\modules\rtp_rtcp\source\fec_private_tables_bursty.h">
      <Filter>Header Files</Filter>
    </ClInclude>
    <ClInclude Include="..\..\webrtc\modules\rtp_rtcp\source\fec_private_tables_random.h">
      <Filter>Header Files</Filter>
    </ClInclude>
    <ClInclude Include="..\..\webrtc\modules\rtp_rtcp\source\fec_receiver_impl.h">
      <Filter>Header Files</Filter>
    </ClInclude>
    <ClInclude Include="..\..\webrtc\modules\rtp_rtcp\source\fec_test_helper.h">
      <Filter>Header Files</Filter>
    </ClInclude>
    <ClInclude Include="..\..\webrtc\modules\rtp_rtcp\source\forward_error_correction.h">
      <Filter>Header Files</Filter>
    </ClInclude>
    <ClInclude Include="..\..\webrtc\modules\rtp_rtcp\source\forward_error_correction_internal.h">
      <Filter>Header Files</Filter>
    </ClInclude>
    <ClInclude Include="..\..\webrtc\modules\rtp_rtcp\source\h264_bitstream_parser.h">
      <Filter>Header Files</Filter>
    </ClInclude>
    <ClInclude Include="..\..\webrtc\modules\rtp_rtcp\source\h264_sps_parser.h">
      <Filter>Header Files</Filter>
    </ClInclude>
    <ClInclude Include="..\..\webrtc\modules\rtp_rtcp\source\packet_loss_stats.h">
      <Filter>Header Files</Filter>
    </ClInclude>
    <ClInclude Include="..\..\webrtc\modules\rtp_rtcp\source\producer_fec.h">
      <Filter>Header Files</Filter>
    </ClInclude>
    <ClInclude Include="..\..\webrtc\modules\rtp_rtcp\source\receive_statistics_impl.h">
      <Filter>Header Files</Filter>
    </ClInclude>
    <ClInclude Include="..\..\webrtc\modules\rtp_rtcp\source\rtcp_packet.h">
      <Filter>Header Files</Filter>
    </ClInclude>
    <ClInclude Include="..\..\webrtc\modules\rtp_rtcp\source\rtcp_receiver.h">
      <Filter>Header Files</Filter>
    </ClInclude>
    <ClInclude Include="..\..\webrtc\modules\rtp_rtcp\source\rtcp_receiver_help.h">
      <Filter>Header Files</Filter>
    </ClInclude>
    <ClInclude Include="..\..\webrtc\modules\rtp_rtcp\source\rtcp_sender.h">
      <Filter>Header Files</Filter>
    </ClInclude>
    <ClInclude Include="..\..\webrtc\modules\rtp_rtcp\source\rtcp_utility.h">
      <Filter>Header Files</Filter>
    </ClInclude>
    <ClInclude Include="..\..\webrtc\modules\rtp_rtcp\source\rtp_format.h">
      <Filter>Header Files</Filter>
    </ClInclude>
    <ClInclude Include="..\..\webrtc\modules\rtp_rtcp\source\rtp_format_h264.h">
      <Filter>Header Files</Filter>
    </ClInclude>
    <ClInclude Include="..\..\webrtc\modules\rtp_rtcp\source\rtp_format_video_generic.h">
      <Filter>Header Files</Filter>
    </ClInclude>
    <ClInclude Include="..\..\webrtc\modules\rtp_rtcp\source\rtp_format_vp8.h">
      <Filter>Header Files</Filter>
    </ClInclude>
    <ClInclude Include="..\..\webrtc\modules\rtp_rtcp\source\rtp_format_vp8_test_helper.h">
      <Filter>Header Files</Filter>
    </ClInclude>
    <ClInclude Include="..\..\webrtc\modules\rtp_rtcp\source\rtp_format_vp9.h">
      <Filter>Header Files</Filter>
    </ClInclude>
    <ClInclude Include="..\..\webrtc\modules\rtp_rtcp\source\rtp_header_extension.h">
      <Filter>Header Files</Filter>
    </ClInclude>
    <ClInclude Include="..\..\webrtc\modules\rtp_rtcp\source\rtp_packet_history.h">
      <Filter>Header Files</Filter>
    </ClInclude>
    <ClInclude Include="..\..\webrtc\modules\rtp_rtcp\source\rtp_receiver_audio.h">
      <Filter>Header Files</Filter>
    </ClInclude>
    <ClInclude Include="..\..\webrtc\modules\rtp_rtcp\source\rtp_receiver_impl.h">
      <Filter>Header Files</Filter>
    </ClInclude>
    <ClInclude Include="..\..\webrtc\modules\rtp_rtcp\source\rtp_receiver_strategy.h">
      <Filter>Header Files</Filter>
    </ClInclude>
    <ClInclude Include="..\..\webrtc\modules\rtp_rtcp\source\rtp_receiver_video.h">
      <Filter>Header Files</Filter>
    </ClInclude>
    <ClInclude Include="..\..\webrtc\modules\rtp_rtcp\source\rtp_rtcp_config.h">
      <Filter>Header Files</Filter>
    </ClInclude>
    <ClInclude Include="..\..\webrtc\modules\rtp_rtcp\source\rtp_rtcp_impl.h">
      <Filter>Header Files</Filter>
    </ClInclude>
    <ClInclude Include="..\..\webrtc\modules\rtp_rtcp\source\rtp_sender.h">
      <Filter>Header Files</Filter>
    </ClInclude>
    <ClInclude Include="..\..\webrtc\modules\rtp_rtcp\source\rtp_sender_audio.h">
      <Filter>Header Files</Filter>
    </ClInclude>
    <ClInclude Include="..\..\webrtc\modules\rtp_rtcp\source\rtp_sender_video.h">
      <Filter>Header Files</Filter>
    </ClInclude>
    <ClInclude Include="..\..\webrtc\modules\rtp_rtcp\source\rtp_utility.h">
      <Filter>Header Files</Filter>
    </ClInclude>
    <ClInclude Include="..\..\webrtc\modules\rtp_rtcp\source\ssrc_database.h">
      <Filter>Header Files</Filter>
    </ClInclude>
    <ClInclude Include="..\..\webrtc\modules\rtp_rtcp\source\time_util.h">
      <Filter>Header Files</Filter>
    </ClInclude>
    <ClInclude Include="..\..\webrtc\modules\rtp_rtcp\source\tmmbr_help.h">
      <Filter>Header Files</Filter>
    </ClInclude>
    <ClInclude Include="..\..\webrtc\modules\rtp_rtcp\source\video_codec_information.h">
      <Filter>Header Files</Filter>
    </ClInclude>
    <ClInclude Include="..\..\webrtc\modules\rtp_rtcp\source\vp8_partition_aggregator.h">
      <Filter>Header Files</Filter>
    </ClInclude>
  </ItemGroup>
</Project>