<?xml version="1.0" encoding="utf-8"?>
<Project ToolsVersion="4.0" xmlns="http://schemas.microsoft.com/developer/msbuild/2003">
  <ItemGroup>
    <Filter Include="video_render">
      <UniqueIdentifier>{a2c1c597-0ca5-404e-856e-1b1ff16af157}</UniqueIdentifier>
    </Filter>
    <Filter Include="video_processing">
      <UniqueIdentifier>{23855965-01a3-47de-a6de-84c17a9e47f7}</UniqueIdentifier>
    </Filter>
    <Filter Include="video_capture">
      <UniqueIdentifier>{bede9ca9-18f8-4949-a352-1cb04aa1c4eb}</UniqueIdentifier>
    </Filter>
    <Filter Include="utility">
      <UniqueIdentifier>{0d50f454-67e3-40d7-973f-f86c2920f47c}</UniqueIdentifier>
    </Filter>
    <Filter Include="remote_bitrate_estimator">
      <UniqueIdentifier>{58424686-ec11-41ab-8841-0054b4220f3b}</UniqueIdentifier>
    </Filter>
    <Filter Include="pacing">
      <UniqueIdentifier>{45c69fea-f112-46e2-a054-e5f8292365fd}</UniqueIdentifier>
    </Filter>
    <Filter Include="desktop_capture">
      <UniqueIdentifier>{2a8cda61-c67b-4645-a45e-d16c1b218d06}</UniqueIdentifier>
    </Filter>
    <Filter Include="congestion_controller">
      <UniqueIdentifier>{af5bab5f-a232-4d6f-95bb-61bda7af43f6}</UniqueIdentifier>
    </Filter>
    <Filter Include="bitrate_controller">
      <UniqueIdentifier>{3afda165-cb73-49c8-aecd-be279b3bdf9c}</UniqueIdentifier>
    </Filter>
    <Filter Include="audio_conference_mixer">
      <UniqueIdentifier>{a286bcd8-2683-4384-907b-1a7cc81af2a4}</UniqueIdentifier>
    </Filter>
    <Filter Include="audio_device">
      <UniqueIdentifier>{a9582377-4a9b-4207-8d89-9c4545b23ab1}</UniqueIdentifier>
    </Filter>
    <Filter Include="audio_processing">
      <UniqueIdentifier>{cff941f9-67fa-49d1-bd42-5e2af180c201}</UniqueIdentifier>
    </Filter>
    <Filter Include="video_capture\win">
      <UniqueIdentifier>{a5e14734-2cf2-4277-bf98-69fe17698063}</UniqueIdentifier>
    </Filter>
    <Filter Include="video_render\win">
      <UniqueIdentifier>{a295fa3c-899c-48dd-9954-0046d8cf6b80}</UniqueIdentifier>
    </Filter>
    <Filter Include="video_processing\util">
      <UniqueIdentifier>{6e31f12a-c111-48a0-9300-fa26ab02224a}</UniqueIdentifier>
    </Filter>
    <Filter Include="audio_processing\aec">
      <UniqueIdentifier>{75a94646-d9d4-4d0b-98bb-3071490e2c76}</UniqueIdentifier>
    </Filter>
    <Filter Include="audio_processing\aecm">
      <UniqueIdentifier>{4395e372-87d6-4597-b984-93eaa1af872b}</UniqueIdentifier>
    </Filter>
    <Filter Include="audio_processing\beamformer">
      <UniqueIdentifier>{baeab5f6-0a17-4847-af40-cb3d4c07fe3d}</UniqueIdentifier>
    </Filter>
    <Filter Include="audio_processing\intelligibility">
      <UniqueIdentifier>{ed15c0a3-f383-44c5-82ab-38c0e5031a3e}</UniqueIdentifier>
    </Filter>
    <Filter Include="audio_processing\logging">
      <UniqueIdentifier>{824943b8-baf5-49b1-b254-24710fbaf3e0}</UniqueIdentifier>
    </Filter>
    <Filter Include="audio_processing\ns">
      <UniqueIdentifier>{9bf1af21-3349-4f44-8a69-2a939e44f6ea}</UniqueIdentifier>
    </Filter>
    <Filter Include="audio_processing\utility">
      <UniqueIdentifier>{4fef627d-a71d-4163-80b2-4666ff48eda5}</UniqueIdentifier>
    </Filter>
    <Filter Include="audio_processing\transient">
      <UniqueIdentifier>{abed32ae-c5ba-4625-8424-384ba0fdf334}</UniqueIdentifier>
    </Filter>
    <Filter Include="audio_processing\vad">
      <UniqueIdentifier>{db4cafbe-4b8b-48e5-94c7-9b1914a0a70f}</UniqueIdentifier>
    </Filter>
    <Filter Include="media_file">
      <UniqueIdentifier>{544fbe82-5298-4374-9659-dfe027d8c53c}</UniqueIdentifier>
    </Filter>
    <Filter Include="audio_device\win">
      <UniqueIdentifier>{243bfe16-c298-497a-9921-ec65085b7200}</UniqueIdentifier>
    </Filter>
    <Filter Include="audio_device\dummy">
      <UniqueIdentifier>{c5f5ba8f-002f-4f58-974e-26aa8fcd6015}</UniqueIdentifier>
    </Filter>
    <Filter Include="audio_processing\agc">
      <UniqueIdentifier>{96ff4b24-2f4b-4b5b-8a54-c3cff017d861}</UniqueIdentifier>
    </Filter>
    <Filter Include="audio_processing\agc\legacy">
      <UniqueIdentifier>{f2f88063-8c25-4a4e-bd14-605476ea3282}</UniqueIdentifier>
    </Filter>
    <Filter Include="video_capture\include">
      <UniqueIdentifier>{4e90280e-555a-4da7-9a86-755ba0bbe156}</UniqueIdentifier>
    </Filter>
    <Filter Include="video_render\include">
      <UniqueIdentifier>{60c61e66-9288-4bfa-a962-f6309cbde1b5}</UniqueIdentifier>
    </Filter>
  </ItemGroup>
  <ItemGroup>
    <ClCompile Include="..\..\webrtc\webrtc\modules\desktop_capture\cropped_desktop_frame.cc">
      <Filter>desktop_capture</Filter>
    </ClCompile>
    <ClCompile Include="..\..\webrtc\webrtc\modules\desktop_capture\cropping_window_capturer.cc">
      <Filter>desktop_capture</Filter>
    </ClCompile>
    <ClCompile Include="..\..\webrtc\webrtc\modules\desktop_capture\cropping_window_capturer_win.cc">
      <Filter>desktop_capture</Filter>
    </ClCompile>
    <ClCompile Include="..\..\webrtc\webrtc\modules\desktop_capture\desktop_and_cursor_composer.cc">
      <Filter>desktop_capture</Filter>
    </ClCompile>
    <ClCompile Include="..\..\webrtc\webrtc\modules\desktop_capture\desktop_capture_options.cc">
      <Filter>desktop_capture</Filter>
    </ClCompile>
    <ClCompile Include="..\..\webrtc\webrtc\modules\desktop_capture\desktop_frame.cc">
      <Filter>desktop_capture</Filter>
    </ClCompile>
    <ClCompile Include="..\..\webrtc\webrtc\modules\desktop_capture\desktop_frame_win.cc">
      <Filter>desktop_capture</Filter>
    </ClCompile>
    <ClCompile Include="..\..\webrtc\webrtc\modules\desktop_capture\desktop_geometry.cc">
      <Filter>desktop_capture</Filter>
    </ClCompile>
    <ClCompile Include="..\..\webrtc\webrtc\modules\desktop_capture\desktop_region.cc">
      <Filter>desktop_capture</Filter>
    </ClCompile>
    <ClCompile Include="..\..\webrtc\webrtc\modules\desktop_capture\differ.cc">
      <Filter>desktop_capture</Filter>
    </ClCompile>
    <ClCompile Include="..\..\webrtc\webrtc\modules\desktop_capture\differ_block.cc">
      <Filter>desktop_capture</Filter>
    </ClCompile>
    <ClCompile Include="..\..\webrtc\webrtc\modules\desktop_capture\differ_block_sse2.cc">
      <Filter>desktop_capture</Filter>
    </ClCompile>
    <ClCompile Include="..\..\webrtc\webrtc\modules\desktop_capture\mouse_cursor.cc">
      <Filter>desktop_capture</Filter>
    </ClCompile>
    <ClCompile Include="..\..\webrtc\webrtc\modules\desktop_capture\mouse_cursor_monitor_win.cc">
      <Filter>desktop_capture</Filter>
    </ClCompile>
    <ClCompile Include="..\..\webrtc\webrtc\modules\desktop_capture\screen_capture_frame_queue.cc">
      <Filter>desktop_capture</Filter>
    </ClCompile>
    <ClCompile Include="..\..\webrtc\webrtc\modules\desktop_capture\screen_capturer.cc">
      <Filter>desktop_capture</Filter>
    </ClCompile>
    <ClCompile Include="..\..\webrtc\webrtc\modules\desktop_capture\screen_capturer_helper.cc">
      <Filter>desktop_capture</Filter>
    </ClCompile>
    <ClCompile Include="..\..\webrtc\webrtc\modules\desktop_capture\screen_capturer_win.cc">
      <Filter>desktop_capture</Filter>
    </ClCompile>
    <ClCompile Include="..\..\webrtc\webrtc\modules\desktop_capture\shared_desktop_frame.cc">
      <Filter>desktop_capture</Filter>
    </ClCompile>
    <ClCompile Include="..\..\webrtc\webrtc\modules\desktop_capture\shared_memory.cc">
      <Filter>desktop_capture</Filter>
    </ClCompile>
    <ClCompile Include="..\..\webrtc\webrtc\modules\desktop_capture\window_capturer.cc">
      <Filter>desktop_capture</Filter>
    </ClCompile>
    <ClCompile Include="..\..\webrtc\webrtc\modules\desktop_capture\window_capturer_win.cc">
      <Filter>desktop_capture</Filter>
    </ClCompile>
    <ClCompile Include="..\..\webrtc\webrtc\modules\congestion_controller\congestion_controller.cc">
      <Filter>congestion_controller</Filter>
    </ClCompile>
    <ClCompile Include="..\..\webrtc\webrtc\modules\bitrate_controller\bitrate_controller_impl.cc">
      <Filter>bitrate_controller</Filter>
    </ClCompile>
    <ClCompile Include="..\..\webrtc\webrtc\modules\bitrate_controller\send_side_bandwidth_estimation.cc">
      <Filter>bitrate_controller</Filter>
    </ClCompile>
    <ClCompile Include="..\..\webrtc\webrtc\modules\audio_conference_mixer\source\audio_conference_mixer_impl.cc">
      <Filter>audio_conference_mixer</Filter>
    </ClCompile>
    <ClCompile Include="..\..\webrtc\webrtc\modules\audio_conference_mixer\source\audio_frame_manipulator.cc">
      <Filter>audio_conference_mixer</Filter>
    </ClCompile>
    <ClCompile Include="..\..\webrtc\webrtc\modules\audio_conference_mixer\source\time_scheduler.cc">
      <Filter>audio_conference_mixer</Filter>
    </ClCompile>
    <ClCompile Include="..\..\webrtc\webrtc\modules\audio_device\audio_device_buffer.cc">
      <Filter>audio_device</Filter>
    </ClCompile>
    <ClCompile Include="..\..\webrtc\webrtc\modules\audio_device\audio_device_generic.cc">
      <Filter>audio_device</Filter>
    </ClCompile>
    <ClCompile Include="..\..\webrtc\webrtc\modules\audio_device\audio_device_impl.cc">
      <Filter>audio_device</Filter>
    </ClCompile>
    <ClCompile Include="..\..\webrtc\webrtc\modules\audio_device\fine_audio_buffer.cc">
      <Filter>audio_device</Filter>
    </ClCompile>
    <ClCompile Include="..\..\webrtc\webrtc\modules\audio_processing\audio_buffer.cc">
      <Filter>audio_processing</Filter>
    </ClCompile>
    <ClCompile Include="..\..\webrtc\webrtc\modules\audio_processing\audio_processing_impl.cc">
      <Filter>audio_processing</Filter>
    </ClCompile>
    <ClCompile Include="..\..\webrtc\webrtc\modules\audio_processing\echo_cancellation_impl.cc">
      <Filter>audio_processing</Filter>
    </ClCompile>
    <ClCompile Include="..\..\webrtc\webrtc\modules\audio_processing\echo_control_mobile_impl.cc">
      <Filter>audio_processing</Filter>
    </ClCompile>
    <ClCompile Include="..\..\webrtc\webrtc\modules\audio_processing\gain_control_for_experimental_agc.cc">
      <Filter>audio_processing</Filter>
    </ClCompile>
    <ClCompile Include="..\..\webrtc\webrtc\modules\audio_processing\gain_control_impl.cc">
      <Filter>audio_processing</Filter>
    </ClCompile>
    <ClCompile Include="..\..\webrtc\webrtc\modules\audio_processing\high_pass_filter_impl.cc">
      <Filter>audio_processing</Filter>
    </ClCompile>
    <ClCompile Include="..\..\webrtc\webrtc\modules\audio_processing\level_estimator_impl.cc">
      <Filter>audio_processing</Filter>
    </ClCompile>
    <ClCompile Include="..\..\webrtc\webrtc\modules\audio_processing\noise_suppression_impl.cc">
      <Filter>audio_processing</Filter>
    </ClCompile>
    <ClCompile Include="..\..\webrtc\webrtc\modules\audio_processing\rms_level.cc">
      <Filter>audio_processing</Filter>
    </ClCompile>
    <ClCompile Include="..\..\webrtc\webrtc\modules\audio_processing\splitting_filter.cc">
      <Filter>audio_processing</Filter>
    </ClCompile>
    <ClCompile Include="..\..\webrtc\webrtc\modules\audio_processing\three_band_filter_bank.cc">
      <Filter>audio_processing</Filter>
    </ClCompile>
    <ClCompile Include="..\..\webrtc\webrtc\modules\audio_processing\typing_detection.cc">
      <Filter>audio_processing</Filter>
    </ClCompile>
    <ClCompile Include="..\..\webrtc\webrtc\modules\audio_processing\voice_detection_impl.cc">
      <Filter>audio_processing</Filter>
    </ClCompile>
    <ClCompile Include="..\..\webrtc\webrtc\modules\pacing\bitrate_prober.cc">
      <Filter>pacing</Filter>
    </ClCompile>
    <ClCompile Include="..\..\webrtc\webrtc\modules\pacing\paced_sender.cc">
      <Filter>pacing</Filter>
    </ClCompile>
    <ClCompile Include="..\..\webrtc\webrtc\modules\pacing\packet_router.cc">
      <Filter>pacing</Filter>
    </ClCompile>
    <ClCompile Include="..\..\webrtc\webrtc\modules\remote_bitrate_estimator\aimd_rate_control.cc">
      <Filter>remote_bitrate_estimator</Filter>
    </ClCompile>
    <ClCompile Include="..\..\webrtc\webrtc\modules\remote_bitrate_estimator\inter_arrival.cc">
      <Filter>remote_bitrate_estimator</Filter>
    </ClCompile>
    <ClCompile Include="..\..\webrtc\webrtc\modules\remote_bitrate_estimator\overuse_detector.cc">
      <Filter>remote_bitrate_estimator</Filter>
    </ClCompile>
    <ClCompile Include="..\..\webrtc\webrtc\modules\remote_bitrate_estimator\overuse_estimator.cc">
      <Filter>remote_bitrate_estimator</Filter>
    </ClCompile>
    <ClCompile Include="..\..\webrtc\webrtc\modules\remote_bitrate_estimator\remote_bitrate_estimator_abs_send_time.cc">
      <Filter>remote_bitrate_estimator</Filter>
    </ClCompile>
    <ClCompile Include="..\..\webrtc\webrtc\modules\remote_bitrate_estimator\remote_bitrate_estimator_single_stream.cc">
      <Filter>remote_bitrate_estimator</Filter>
    </ClCompile>
    <ClCompile Include="..\..\webrtc\webrtc\modules\remote_bitrate_estimator\remote_estimator_proxy.cc">
      <Filter>remote_bitrate_estimator</Filter>
    </ClCompile>
    <ClCompile Include="..\..\webrtc\webrtc\modules\remote_bitrate_estimator\send_time_history.cc">
      <Filter>remote_bitrate_estimator</Filter>
    </ClCompile>
    <ClCompile Include="..\..\webrtc\webrtc\modules\remote_bitrate_estimator\transport_feedback_adapter.cc">
      <Filter>remote_bitrate_estimator</Filter>
    </ClCompile>
    <ClCompile Include="..\..\webrtc\webrtc\modules\utility\source\audio_frame_operations.cc">
      <Filter>utility</Filter>
    </ClCompile>
    <ClCompile Include="..\..\webrtc\webrtc\modules\utility\source\coder.cc">
      <Filter>utility</Filter>
    </ClCompile>
    <ClCompile Include="..\..\webrtc\webrtc\modules\utility\source\file_player_impl.cc">
      <Filter>utility</Filter>
    </ClCompile>
    <ClCompile Include="..\..\webrtc\webrtc\modules\utility\source\file_recorder_impl.cc">
      <Filter>utility</Filter>
    </ClCompile>
    <ClCompile Include="..\..\webrtc\webrtc\modules\utility\source\process_thread_impl.cc">
      <Filter>utility</Filter>
    </ClCompile>
    <ClCompile Include="..\..\webrtc\webrtc\modules\video_capture\device_info_impl.cc">
      <Filter>video_capture</Filter>
    </ClCompile>
    <ClCompile Include="..\..\webrtc\webrtc\modules\video_capture\video_capture_factory.cc">
      <Filter>video_capture</Filter>
    </ClCompile>
    <ClCompile Include="..\..\webrtc\webrtc\modules\video_capture\video_capture_impl.cc">
      <Filter>video_capture</Filter>
    </ClCompile>
    <ClCompile Include="..\..\webrtc\webrtc\modules\video_processing\brightness_detection.cc">
      <Filter>video_processing</Filter>
    </ClCompile>
    <ClCompile Include="..\..\webrtc\webrtc\modules\video_processing\content_analysis.cc">
      <Filter>video_processing</Filter>
    </ClCompile>
    <ClCompile Include="..\..\webrtc\webrtc\modules\video_processing\content_analysis_sse2.cc">
      <Filter>video_processing</Filter>
    </ClCompile>
    <ClCompile Include="..\..\webrtc\webrtc\modules\video_processing\deflickering.cc">
      <Filter>video_processing</Filter>
    </ClCompile>
    <ClCompile Include="..\..\webrtc\webrtc\modules\video_processing\frame_preprocessor.cc">
      <Filter>video_processing</Filter>
    </ClCompile>
    <ClCompile Include="..\..\webrtc\webrtc\modules\video_processing\spatial_resampler.cc">
      <Filter>video_processing</Filter>
    </ClCompile>
    <ClCompile Include="..\..\webrtc\webrtc\modules\video_processing\video_decimator.cc">
      <Filter>video_processing</Filter>
    </ClCompile>
    <ClCompile Include="..\..\webrtc\webrtc\modules\video_processing\video_denoiser.cc">
      <Filter>video_processing</Filter>
    </ClCompile>
    <ClCompile Include="..\..\webrtc\webrtc\modules\video_processing\video_processing_impl.cc">
      <Filter>video_processing</Filter>
    </ClCompile>
    <ClCompile Include="..\..\webrtc\webrtc\modules\video_render\video_render_internal_impl.cc">
      <Filter>video_render</Filter>
    </ClCompile>
    <ClCompile Include="..\..\webrtc\webrtc\modules\video_capture\windows\device_info_ds.cc">
      <Filter>video_capture\win</Filter>
    </ClCompile>
    <ClCompile Include="..\..\webrtc\webrtc\modules\video_capture\windows\device_info_mf.cc">
      <Filter>video_capture\win</Filter>
    </ClCompile>
    <ClCompile Include="..\..\webrtc\webrtc\modules\video_capture\windows\help_functions_ds.cc">
      <Filter>video_capture\win</Filter>
    </ClCompile>
    <ClCompile Include="..\..\webrtc\webrtc\modules\video_capture\windows\sink_filter_ds.cc">
      <Filter>video_capture\win</Filter>
    </ClCompile>
    <ClCompile Include="..\..\webrtc\webrtc\modules\video_capture\windows\video_capture_ds.cc">
      <Filter>video_capture\win</Filter>
    </ClCompile>
    <ClCompile Include="..\..\webrtc\webrtc\modules\video_capture\windows\video_capture_factory_windows.cc">
      <Filter>video_capture\win</Filter>
    </ClCompile>
    <ClCompile Include="..\..\webrtc\webrtc\modules\video_capture\windows\video_capture_mf.cc">
      <Filter>video_capture\win</Filter>
    </ClCompile>
    <ClCompile Include="..\..\webrtc\webrtc\modules\video_render\windows\video_render_direct3d9.cc">
      <Filter>video_render\win</Filter>
    </ClCompile>
    <ClCompile Include="..\..\webrtc\webrtc\modules\video_render\windows\video_render_windows_impl.cc">
      <Filter>video_render\win</Filter>
    </ClCompile>
    <ClCompile Include="..\..\webrtc\webrtc\modules\video_processing\util\denoiser_filter.cc">
      <Filter>video_processing\util</Filter>
    </ClCompile>
    <ClCompile Include="..\..\webrtc\webrtc\modules\video_processing\util\denoiser_filter_c.cc">
      <Filter>video_processing\util</Filter>
    </ClCompile>
    <ClCompile Include="..\..\webrtc\webrtc\modules\video_processing\util\denoiser_filter_sse2.cc">
      <Filter>video_processing\util</Filter>
    </ClCompile>
    <ClCompile Include="..\..\webrtc\webrtc\modules\video_processing\util\noise_estimation.cc">
      <Filter>video_processing\util</Filter>
    </ClCompile>
    <ClCompile Include="..\..\webrtc\webrtc\modules\video_processing\util\skin_detection.cc">
      <Filter>video_processing\util</Filter>
    </ClCompile>
    <ClCompile Include="..\..\webrtc\webrtc\modules\audio_processing\aec\aec_core.cc">
      <Filter>audio_processing\aec</Filter>
    </ClCompile>
    <ClCompile Include="..\..\webrtc\webrtc\modules\audio_processing\aec\aec_core_sse2.cc">
      <Filter>audio_processing\aec</Filter>
    </ClCompile>
    <ClCompile Include="..\..\webrtc\webrtc\modules\audio_processing\aec\aec_rdft.cc">
      <Filter>audio_processing\aec</Filter>
    </ClCompile>
    <ClCompile Include="..\..\webrtc\webrtc\modules\audio_processing\aec\aec_rdft_sse2.cc">
      <Filter>audio_processing\aec</Filter>
    </ClCompile>
    <ClCompile Include="..\..\webrtc\webrtc\modules\audio_processing\aec\aec_resampler.cc">
      <Filter>audio_processing\aec</Filter>
    </ClCompile>
    <ClCompile Include="..\..\webrtc\webrtc\modules\audio_processing\aec\echo_cancellation.cc">
      <Filter>audio_processing\aec</Filter>
    </ClCompile>
    <ClCompile Include="..\..\webrtc\webrtc\modules\audio_processing\aecm\aecm_core.cc">
      <Filter>audio_processing\aecm</Filter>
    </ClCompile>
    <ClCompile Include="..\..\webrtc\webrtc\modules\audio_processing\aecm\aecm_core_c.cc">
      <Filter>audio_processing\aecm</Filter>
    </ClCompile>
    <ClCompile Include="..\..\webrtc\webrtc\modules\audio_processing\aecm\echo_control_mobile.cc">
      <Filter>audio_processing\aecm</Filter>
    </ClCompile>
    <ClCompile Include="..\..\webrtc\webrtc\modules\audio_processing\agc\legacy\analog_agc.c">
      <Filter>audio_processing\agc\legacy</Filter>
    </ClCompile>
    <ClCompile Include="..\..\webrtc\webrtc\modules\audio_processing\agc\legacy\digital_agc.c">
      <Filter>audio_processing\agc\legacy</Filter>
    </ClCompile>
    <ClCompile Include="..\..\webrtc\webrtc\modules\audio_processing\logging\aec_logging_file_handling.cc">
      <Filter>audio_processing\logging</Filter>
    </ClCompile>
    <ClCompile Include="..\..\webrtc\webrtc\modules\audio_processing\vad\gmm.cc">
      <Filter>audio_processing\vad</Filter>
    </ClCompile>
    <ClCompile Include="..\..\webrtc\webrtc\modules\audio_processing\vad\pitch_based_vad.cc">
      <Filter>audio_processing\vad</Filter>
    </ClCompile>
    <ClCompile Include="..\..\webrtc\webrtc\modules\audio_processing\vad\pitch_internal.cc">
      <Filter>audio_processing\vad</Filter>
    </ClCompile>
    <ClCompile Include="..\..\webrtc\webrtc\modules\audio_processing\vad\pole_zero_filter.cc">
      <Filter>audio_processing\vad</Filter>
    </ClCompile>
    <ClCompile Include="..\..\webrtc\webrtc\modules\audio_processing\vad\standalone_vad.cc">
      <Filter>audio_processing\vad</Filter>
    </ClCompile>
    <ClCompile Include="..\..\webrtc\webrtc\modules\audio_processing\vad\vad_audio_proc.cc">
      <Filter>audio_processing\vad</Filter>
    </ClCompile>
    <ClCompile Include="..\..\webrtc\webrtc\modules\audio_processing\vad\vad_circular_buffer.cc">
      <Filter>audio_processing\vad</Filter>
    </ClCompile>
    <ClCompile Include="..\..\webrtc\webrtc\modules\audio_processing\vad\voice_activity_detector.cc">
      <Filter>audio_processing\vad</Filter>
    </ClCompile>
    <ClCompile Include="..\..\webrtc\webrtc\modules\audio_processing\transient\click_annotate.cc">
      <Filter>audio_processing\transient</Filter>
    </ClCompile>
    <ClCompile Include="..\..\webrtc\webrtc\modules\audio_processing\transient\file_utils.cc">
      <Filter>audio_processing\transient</Filter>
    </ClCompile>
    <ClCompile Include="..\..\webrtc\webrtc\modules\audio_processing\transient\moving_moments.cc">
      <Filter>audio_processing\transient</Filter>
    </ClCompile>
    <ClCompile Include="..\..\webrtc\webrtc\modules\audio_processing\transient\transient_detector.cc">
      <Filter>audio_processing\transient</Filter>
    </ClCompile>
    <ClCompile Include="..\..\webrtc\webrtc\modules\audio_processing\transient\transient_suppressor.cc">
      <Filter>audio_processing\transient</Filter>
    </ClCompile>
    <ClCompile Include="..\..\webrtc\webrtc\modules\audio_processing\transient\wpd_node.cc">
      <Filter>audio_processing\transient</Filter>
    </ClCompile>
    <ClCompile Include="..\..\webrtc\webrtc\modules\audio_processing\transient\wpd_tree.cc">
      <Filter>audio_processing\transient</Filter>
    </ClCompile>
    <ClCompile Include="..\..\webrtc\webrtc\modules\audio_processing\utility\block_mean_calculator.cc">
      <Filter>audio_processing\utility</Filter>
    </ClCompile>
    <ClCompile Include="..\..\webrtc\webrtc\modules\audio_processing\utility\delay_estimator.cc">
      <Filter>audio_processing\utility</Filter>
    </ClCompile>
    <ClCompile Include="..\..\webrtc\webrtc\modules\audio_processing\utility\delay_estimator_wrapper.cc">
      <Filter>audio_processing\utility</Filter>
    </ClCompile>
    <ClCompile Include="..\..\webrtc\webrtc\modules\audio_processing\ns\noise_suppression.c">
      <Filter>audio_processing\ns</Filter>
    </ClCompile>
    <ClCompile Include="..\..\webrtc\webrtc\modules\audio_processing\ns\noise_suppression_x.c">
      <Filter>audio_processing\ns</Filter>
    </ClCompile>
    <ClCompile Include="..\..\webrtc\webrtc\modules\audio_processing\ns\ns_core.c">
      <Filter>audio_processing\ns</Filter>
    </ClCompile>
    <ClCompile Include="..\..\webrtc\webrtc\modules\audio_processing\ns\nsx_core.c">
      <Filter>audio_processing\ns</Filter>
    </ClCompile>
    <ClCompile Include="..\..\webrtc\webrtc\modules\audio_processing\ns\nsx_core_c.c">
      <Filter>audio_processing\ns</Filter>
    </ClCompile>
    <ClCompile Include="..\..\webrtc\webrtc\modules\media_file\media_file_impl.cc">
      <Filter>media_file</Filter>
    </ClCompile>
    <ClCompile Include="..\..\webrtc\webrtc\modules\media_file\media_file_utility.cc">
      <Filter>media_file</Filter>
    </ClCompile>
    <ClCompile Include="..\..\webrtc\webrtc\modules\audio_device\win\audio_device_core_win.cc">
      <Filter>audio_device\win</Filter>
    </ClCompile>
    <ClCompile Include="..\..\webrtc\webrtc\modules\audio_device\win\audio_device_wave_win.cc">
      <Filter>audio_device\win</Filter>
    </ClCompile>
    <ClCompile Include="..\..\webrtc\webrtc\modules\audio_device\win\audio_mixer_manager_win.cc">
      <Filter>audio_device\win</Filter>
    </ClCompile>
    <ClCompile Include="..\..\webrtc\webrtc\modules\audio_device\dummy\audio_device_dummy.cc">
      <Filter>audio_device\dummy</Filter>
    </ClCompile>
    <ClCompile Include="..\..\webrtc\webrtc\modules\audio_device\dummy\file_audio_device.cc">
      <Filter>audio_device\dummy</Filter>
    </ClCompile>
    <ClCompile Include="..\..\webrtc\webrtc\modules\audio_device\dummy\file_audio_device_factory.cc">
      <Filter>audio_device\dummy</Filter>
    </ClCompile>
    <ClCompile Include="..\..\webrtc\webrtc\modules\audio_processing\intelligibility\intelligibility_enhancer.cc">
      <Filter>audio_processing\intelligibility</Filter>
    </ClCompile>
    <ClCompile Include="..\..\webrtc\webrtc\modules\audio_processing\intelligibility\intelligibility_utils.cc">
      <Filter>audio_processing\intelligibility</Filter>
    </ClCompile>
    <ClCompile Include="..\..\webrtc\webrtc\modules\audio_processing\beamformer\array_util.cc">
      <Filter>audio_processing\beamformer</Filter>
    </ClCompile>
    <ClCompile Include="..\..\webrtc\webrtc\modules\audio_processing\beamformer\nonlinear_beamformer.cc">
      <Filter>audio_processing\beamformer</Filter>
    </ClCompile>
    <ClCompile Include="..\..\webrtc\webrtc\modules\audio_processing\beamformer\covariance_matrix_generator.cc">
      <Filter>audio_processing\beamformer</Filter>
    </ClCompile>
    <ClCompile Include="..\..\webrtc\webrtc\modules\audio_processing\agc\utility.cc">
      <Filter>audio_processing\agc</Filter>
    </ClCompile>
    <ClCompile Include="..\..\webrtc\webrtc\modules\audio_processing\agc\histogram.cc">
      <Filter>audio_processing\agc</Filter>
    </ClCompile>
    <ClCompile Include="..\..\webrtc\webrtc\modules\audio_processing\agc\agc_manager_direct.cc">
      <Filter>audio_processing\agc</Filter>
    </ClCompile>
    <ClCompile Include="..\..\webrtc\webrtc\modules\audio_processing\agc\agc.cc">
      <Filter>audio_processing\agc</Filter>
    </ClCompile>
  </ItemGroup>
  <ItemGroup>
    <ClInclude Include="..\..\webrtc\webrtc\modules\audio_processing\audio_buffer.h">
      <Filter>audio_processing</Filter>
    </ClInclude>
    <ClInclude Include="..\..\webrtc\webrtc\modules\video_render\windows\i_video_render_win.h">
      <Filter>video_render\win</Filter>
    </ClInclude>
    <ClInclude Include="..\..\webrtc\webrtc\modules\video_render\windows\video_render_direct3d9.h">
      <Filter>video_render\win</Filter>
    </ClInclude>
    <ClInclude Include="..\..\webrtc\webrtc\modules\video_render\windows\video_render_windows_impl.h">
      <Filter>video_render\win</Filter>
    </ClInclude>
    <ClInclude Include="..\..\webrtc\webrtc\modules\audio_processing\intelligibility\intelligibility_enhancer.h">
      <Filter>audio_processing\intelligibility</Filter>
    </ClInclude>
    <ClInclude Include="..\..\webrtc\webrtc\modules\video_capture\video_capture.h">
      <Filter>video_capture\include</Filter>
    </ClInclude>
    <ClInclude Include="..\..\webrtc\webrtc\modules\video_capture\video_capture_config.h">
      <Filter>video_capture\include</Filter>
    </ClInclude>
    <ClInclude Include="..\..\webrtc\webrtc\modules\video_capture\video_capture_defines.h">
      <Filter>video_capture\include</Filter>
    </ClInclude>
    <ClInclude Include="..\..\webrtc\webrtc\modules\video_capture\video_capture_delay.h">
      <Filter>video_capture\include</Filter>
    </ClInclude>
    <ClInclude Include="..\..\webrtc\webrtc\modules\video_capture\video_capture_factory.h">
      <Filter>video_capture\include</Filter>
    </ClInclude>
    <ClInclude Include="..\..\webrtc\webrtc\modules\video_render\video_render.h">
      <Filter>video_render\include</Filter>
    </ClInclude>
    <ClInclude Include="..\..\webrtc\webrtc\modules\video_capture\windows\device_info_ds.h">
      <Filter>video_capture\win</Filter>
    </ClInclude>
    <ClInclude Include="..\..\webrtc\webrtc\modules\video_capture\windows\device_info_mf.h">
      <Filter>video_capture\win</Filter>
    </ClInclude>
    <ClInclude Include="..\..\webrtc\webrtc\modules\video_capture\windows\help_functions_ds.h">
      <Filter>video_capture\win</Filter>
    </ClInclude>
    <ClInclude Include="..\..\webrtc\webrtc\modules\video_capture\windows\sink_filter_ds.h">
      <Filter>video_capture\win</Filter>
    </ClInclude>
    <ClInclude Include="..\..\webrtc\webrtc\modules\video_capture\windows\video_capture_ds.h">
      <Filter>video_capture\win</Filter>
    </ClInclude>
    <ClInclude Include="..\..\webrtc\webrtc\modules\video_capture\windows\video_capture_mf.h">
      <Filter>video_capture\win</Filter>
    </ClInclude>
  </ItemGroup>
</Project>