<?xml version="1.0" encoding="utf-8"?>
<Project ToolsVersion="4.0" xmlns="http://schemas.microsoft.com/developer/msbuild/2003">
  <ItemGroup>
    <ClCompile Include="..\..\webrtc\webrtc\modules\video_coding\codecs\vp8\default_temporal_layers.cc" />
    <ClCompile Include="..\..\webrtc\webrtc\modules\video_coding\codecs\vp8\realtime_temporal_layers.cc" />
    <ClCompile Include="..\..\webrtc\webrtc\modules\video_coding\codecs\vp8\reference_picture_selection.cc" />
    <ClCompile Include="..\..\webrtc\webrtc\modules\video_coding\codecs\vp8\screenshare_layers.cc" />
    <ClCompile Include="..\..\webrtc\webrtc\modules\video_coding\codecs\vp8\vp8_impl.cc" />
    <ClCompile Include="..\..\webrtc\webrtc\modules\video_coding\codecs\vp8\simulcast_encoder_adapter.cc" />
  </ItemGroup>
</Project>