<?xml version="1.0" encoding="utf-8"?>
<Project ToolsVersion="4.0" xmlns="http://schemas.microsoft.com/developer/msbuild/2003">
  <ItemGroup>
    <Filter Include="rtp_rtcp">
      <UniqueIdentifier>{6ca02c20-477f-41a8-8171-2a9917a229a1}</UniqueIdentifier>
    </Filter>
    <Filter Include="rtp_rtcp\rtcp_packet">
      <UniqueIdentifier>{ce2cd3af-965d-4014-a979-676cd1a85c99}</UniqueIdentifier>
    </Filter>
    <Filter Include="include">
      <UniqueIdentifier>{36f5a848-baa0-4f3b-b645-ded7275174a0}</UniqueIdentifier>
    </Filter>
  </ItemGroup>
  <ItemGroup>
    <ClCompile Include="..\..\webrtc\webrtc\modules\rtp_rtcp\source\bitrate.cc">
      <Filter>rtp_rtcp</Filter>
    </ClCompile>
    <ClCompile Include="..\..\webrtc\webrtc\modules\rtp_rtcp\source\dtmf_queue.cc">
      <Filter>rtp_rtcp</Filter>
    </ClCompile>
    <ClCompile Include="..\..\webrtc\webrtc\modules\rtp_rtcp\source\fec_receiver_impl.cc">
      <Filter>rtp_rtcp</Filter>
    </ClCompile>
    <ClCompile Include="..\..\webrtc\webrtc\modules\rtp_rtcp\source\fec_test_helper.cc">
      <Filter>rtp_rtcp</Filter>
    </ClCompile>
    <ClCompile Include="..\..\webrtc\webrtc\modules\rtp_rtcp\source\forward_error_correction.cc">
      <Filter>rtp_rtcp</Filter>
    </ClCompile>
    <ClCompile Include="..\..\webrtc\webrtc\modules\rtp_rtcp\source\forward_error_correction_internal.cc">
      <Filter>rtp_rtcp</Filter>
    </ClCompile>
    <ClCompile Include="..\..\webrtc\webrtc\modules\rtp_rtcp\source\h264_bitstream_parser.cc">
      <Filter>rtp_rtcp</Filter>
    </ClCompile>
    <ClCompile Include="..\..\webrtc\webrtc\modules\rtp_rtcp\source\h264_sps_parser.cc">
      <Filter>rtp_rtcp</Filter>
    </ClCompile>
    <ClCompile Include="..\..\webrtc\webrtc\modules\rtp_rtcp\source\packet_loss_stats.cc">
      <Filter>rtp_rtcp</Filter>
    </ClCompile>
    <ClCompile Include="..\..\webrtc\webrtc\modules\rtp_rtcp\source\producer_fec.cc">
      <Filter>rtp_rtcp</Filter>
    </ClCompile>
    <ClCompile Include="..\..\webrtc\webrtc\modules\rtp_rtcp\source\receive_statistics_impl.cc">
      <Filter>rtp_rtcp</Filter>
    </ClCompile>
    <ClCompile Include="..\..\webrtc\webrtc\modules\rtp_rtcp\source\remote_ntp_time_estimator.cc">
      <Filter>rtp_rtcp</Filter>
    </ClCompile>
    <ClCompile Include="..\..\webrtc\webrtc\modules\rtp_rtcp\source\rtcp_packet.cc">
      <Filter>rtp_rtcp</Filter>
    </ClCompile>
    <ClCompile Include="..\..\webrtc\webrtc\modules\rtp_rtcp\source\rtcp_receiver.cc">
      <Filter>rtp_rtcp</Filter>
    </ClCompile>
    <ClCompile Include="..\..\webrtc\webrtc\modules\rtp_rtcp\source\rtcp_receiver_help.cc">
      <Filter>rtp_rtcp</Filter>
    </ClCompile>
    <ClCompile Include="..\..\webrtc\webrtc\modules\rtp_rtcp\source\rtcp_sender.cc">
      <Filter>rtp_rtcp</Filter>
    </ClCompile>
    <ClCompile Include="..\..\webrtc\webrtc\modules\rtp_rtcp\source\rtcp_utility.cc">
      <Filter>rtp_rtcp</Filter>
    </ClCompile>
    <ClCompile Include="..\..\webrtc\webrtc\modules\rtp_rtcp\source\rtp_format.cc">
      <Filter>rtp_rtcp</Filter>
    </ClCompile>
    <ClCompile Include="..\..\webrtc\webrtc\modules\rtp_rtcp\source\rtp_format_h264.cc">
      <Filter>rtp_rtcp</Filter>
    </ClCompile>
    <ClCompile Include="..\..\webrtc\webrtc\modules\rtp_rtcp\source\rtp_format_video_generic.cc">
      <Filter>rtp_rtcp</Filter>
    </ClCompile>
    <ClCompile Include="..\..\webrtc\webrtc\modules\rtp_rtcp\source\rtp_format_vp8.cc">
      <Filter>rtp_rtcp</Filter>
    </ClCompile>
    <ClCompile Include="..\..\webrtc\webrtc\modules\rtp_rtcp\source\rtp_format_vp9.cc">
      <Filter>rtp_rtcp</Filter>
    </ClCompile>
    <ClCompile Include="..\..\webrtc\webrtc\modules\rtp_rtcp\source\rtp_header_extension.cc">
      <Filter>rtp_rtcp</Filter>
    </ClCompile>
    <ClCompile Include="..\..\webrtc\webrtc\modules\rtp_rtcp\source\rtp_header_parser.cc">
      <Filter>rtp_rtcp</Filter>
    </ClCompile>
    <ClCompile Include="..\..\webrtc\webrtc\modules\rtp_rtcp\source\rtp_packet_history.cc">
      <Filter>rtp_rtcp</Filter>
    </ClCompile>
    <ClCompile Include="..\..\webrtc\webrtc\modules\rtp_rtcp\source\rtp_payload_registry.cc">
      <Filter>rtp_rtcp</Filter>
    </ClCompile>
    <ClCompile Include="..\..\webrtc\webrtc\modules\rtp_rtcp\source\rtp_receiver_audio.cc">
      <Filter>rtp_rtcp</Filter>
    </ClCompile>
    <ClCompile Include="..\..\webrtc\webrtc\modules\rtp_rtcp\source\rtp_receiver_impl.cc">
      <Filter>rtp_rtcp</Filter>
    </ClCompile>
    <ClCompile Include="..\..\webrtc\webrtc\modules\rtp_rtcp\source\rtp_receiver_strategy.cc">
      <Filter>rtp_rtcp</Filter>
    </ClCompile>
    <ClCompile Include="..\..\webrtc\webrtc\modules\rtp_rtcp\source\rtp_receiver_video.cc">
      <Filter>rtp_rtcp</Filter>
    </ClCompile>
    <ClCompile Include="..\..\webrtc\webrtc\modules\rtp_rtcp\source\rtp_rtcp_impl.cc">
      <Filter>rtp_rtcp</Filter>
    </ClCompile>
    <ClCompile Include="..\..\webrtc\webrtc\modules\rtp_rtcp\source\rtp_sender.cc">
      <Filter>rtp_rtcp</Filter>
    </ClCompile>
    <ClCompile Include="..\..\webrtc\webrtc\modules\rtp_rtcp\source\rtp_sender_audio.cc">
      <Filter>rtp_rtcp</Filter>
    </ClCompile>
    <ClCompile Include="..\..\webrtc\webrtc\modules\rtp_rtcp\source\rtp_sender_video.cc">
      <Filter>rtp_rtcp</Filter>
    </ClCompile>
    <ClCompile Include="..\..\webrtc\webrtc\modules\rtp_rtcp\source\rtp_utility.cc">
      <Filter>rtp_rtcp</Filter>
    </ClCompile>
    <ClCompile Include="..\..\webrtc\webrtc\modules\rtp_rtcp\source\ssrc_database.cc">
      <Filter>rtp_rtcp</Filter>
    </ClCompile>
    <ClCompile Include="..\..\webrtc\webrtc\modules\rtp_rtcp\source\time_util.cc">
      <Filter>rtp_rtcp</Filter>
    </ClCompile>
    <ClCompile Include="..\..\webrtc\webrtc\modules\rtp_rtcp\source\tmmbr_help.cc">
      <Filter>rtp_rtcp</Filter>
    </ClCompile>
    <ClCompile Include="..\..\webrtc\webrtc\modules\rtp_rtcp\source\vp8_partition_aggregator.cc">
      <Filter>rtp_rtcp</Filter>
    </ClCompile>
    <ClCompile Include="..\..\webrtc\webrtc\modules\rtp_rtcp\source\rtcp_packet\app.cc">
      <Filter>rtp_rtcp\rtcp_packet</Filter>
    </ClCompile>
    <ClCompile Include="..\..\webrtc\webrtc\modules\rtp_rtcp\source\rtcp_packet\bye.cc">
      <Filter>rtp_rtcp\rtcp_packet</Filter>
    </ClCompile>
    <ClCompile Include="..\..\webrtc\webrtc\modules\rtp_rtcp\source\rtcp_packet\common_header.cc">
      <Filter>rtp_rtcp\rtcp_packet</Filter>
    </ClCompile>
    <ClCompile Include="..\..\webrtc\webrtc\modules\rtp_rtcp\source\rtcp_packet\compound_packet.cc">
      <Filter>rtp_rtcp\rtcp_packet</Filter>
    </ClCompile>
    <ClCompile Include="..\..\webrtc\webrtc\modules\rtp_rtcp\source\rtcp_packet\dlrr.cc">
      <Filter>rtp_rtcp\rtcp_packet</Filter>
    </ClCompile>
    <ClCompile Include="..\..\webrtc\webrtc\modules\rtp_rtcp\source\rtcp_packet\extended_jitter_report.cc">
      <Filter>rtp_rtcp\rtcp_packet</Filter>
    </ClCompile>
    <ClCompile Include="..\..\webrtc\webrtc\modules\rtp_rtcp\source\rtcp_packet\extended_reports.cc">
      <Filter>rtp_rtcp\rtcp_packet</Filter>
    </ClCompile>
    <ClCompile Include="..\..\webrtc\webrtc\modules\rtp_rtcp\source\rtcp_packet\fir.cc">
      <Filter>rtp_rtcp\rtcp_packet</Filter>
    </ClCompile>
    <ClCompile Include="..\..\webrtc\webrtc\modules\rtp_rtcp\source\rtcp_packet\nack.cc">
      <Filter>rtp_rtcp\rtcp_packet</Filter>
    </ClCompile>
    <ClCompile Include="..\..\webrtc\webrtc\modules\rtp_rtcp\source\rtcp_packet\pli.cc">
      <Filter>rtp_rtcp\rtcp_packet</Filter>
    </ClCompile>
    <ClCompile Include="..\..\webrtc\webrtc\modules\rtp_rtcp\source\rtcp_packet\psfb.cc">
      <Filter>rtp_rtcp\rtcp_packet</Filter>
    </ClCompile>
    <ClCompile Include="..\..\webrtc\webrtc\modules\rtp_rtcp\source\rtcp_packet\rapid_resync_request.cc">
      <Filter>rtp_rtcp\rtcp_packet</Filter>
    </ClCompile>
    <ClCompile Include="..\..\webrtc\webrtc\modules\rtp_rtcp\source\rtcp_packet\receiver_report.cc">
      <Filter>rtp_rtcp\rtcp_packet</Filter>
    </ClCompile>
    <ClCompile Include="..\..\webrtc\webrtc\modules\rtp_rtcp\source\rtcp_packet\remb.cc">
      <Filter>rtp_rtcp\rtcp_packet</Filter>
    </ClCompile>
    <ClCompile Include="..\..\webrtc\webrtc\modules\rtp_rtcp\source\rtcp_packet\report_block.cc">
      <Filter>rtp_rtcp\rtcp_packet</Filter>
    </ClCompile>
    <ClCompile Include="..\..\webrtc\webrtc\modules\rtp_rtcp\source\rtcp_packet\rpsi.cc">
      <Filter>rtp_rtcp\rtcp_packet</Filter>
    </ClCompile>
    <ClCompile Include="..\..\webrtc\webrtc\modules\rtp_rtcp\source\rtcp_packet\rrtr.cc">
      <Filter>rtp_rtcp\rtcp_packet</Filter>
    </ClCompile>
    <ClCompile Include="..\..\webrtc\webrtc\modules\rtp_rtcp\source\rtcp_packet\rtpfb.cc">
      <Filter>rtp_rtcp\rtcp_packet</Filter>
    </ClCompile>
    <ClCompile Include="..\..\webrtc\webrtc\modules\rtp_rtcp\source\rtcp_packet\sdes.cc">
      <Filter>rtp_rtcp\rtcp_packet</Filter>
    </ClCompile>
    <ClCompile Include="..\..\webrtc\webrtc\modules\rtp_rtcp\source\rtcp_packet\sender_report.cc">
      <Filter>rtp_rtcp\rtcp_packet</Filter>
    </ClCompile>
    <ClCompile Include="..\..\webrtc\webrtc\modules\rtp_rtcp\source\rtcp_packet\sli.cc">
      <Filter>rtp_rtcp\rtcp_packet</Filter>
    </ClCompile>
    <ClCompile Include="..\..\webrtc\webrtc\modules\rtp_rtcp\source\rtcp_packet\tmmb_item.cc">
      <Filter>rtp_rtcp\rtcp_packet</Filter>
    </ClCompile>
    <ClCompile Include="..\..\webrtc\webrtc\modules\rtp_rtcp\source\rtcp_packet\tmmbn.cc">
      <Filter>rtp_rtcp\rtcp_packet</Filter>
    </ClCompile>
    <ClCompile Include="..\..\webrtc\webrtc\modules\rtp_rtcp\source\rtcp_packet\tmmbr.cc">
      <Filter>rtp_rtcp\rtcp_packet</Filter>
    </ClCompile>
    <ClCompile Include="..\..\webrtc\webrtc\modules\rtp_rtcp\source\rtcp_packet\transport_feedback.cc">
      <Filter>rtp_rtcp\rtcp_packet</Filter>
    </ClCompile>
    <ClCompile Include="..\..\webrtc\webrtc\modules\rtp_rtcp\source\rtcp_packet\voip_metric.cc">
      <Filter>rtp_rtcp\rtcp_packet</Filter>
    </ClCompile>
  </ItemGroup>
  <ItemGroup>
    <ClInclude Include="..\..\webrtc\webrtc\modules\rtp_rtcp\include\fec_receiver.h">
      <Filter>include</Filter>
    </ClInclude>
    <ClInclude Include="..\..\webrtc\webrtc\modules\rtp_rtcp\include\receive_statistics.h">
      <Filter>include</Filter>
    </ClInclude>
    <ClInclude Include="..\..\webrtc\webrtc\modules\rtp_rtcp\include\remote_ntp_time_estimator.h">
      <Filter>include</Filter>
    </ClInclude>
    <ClInclude Include="..\..\webrtc\webrtc\modules\rtp_rtcp\include\rtp_cvo.h">
      <Filter>include</Filter>
    </ClInclude>
    <ClInclude Include="..\..\webrtc\webrtc\modules\rtp_rtcp\include\rtp_header_parser.h">
      <Filter>include</Filter>
    </ClInclude>
    <ClInclude Include="..\..\webrtc\webrtc\modules\rtp_rtcp\include\rtp_payload_registry.h">
      <Filter>include</Filter>
    </ClInclude>
    <ClInclude Include="..\..\webrtc\webrtc\modules\rtp_rtcp\include\rtp_receiver.h">
      <Filter>include</Filter>
    </ClInclude>
    <ClInclude Include="..\..\webrtc\webrtc\modules\rtp_rtcp\include\rtp_rtcp.h">
      <Filter>include</Filter>
    </ClInclude>
    <ClInclude Include="..\..\webrtc\webrtc\modules\rtp_rtcp\include\rtp_rtcp_defines.h">
      <Filter>include</Filter>
    </ClInclude>
  </ItemGroup>
</Project>