<?xml version="1.0" encoding="utf-8"?>
<Project ToolsVersion="4.0" xmlns="http://schemas.microsoft.com/developer/msbuild/2003">
  <ItemGroup>
    <ClCompile Include="..\..\webrtc\webrtc\modules\audio_coding\codecs\ilbc\audio_encoder_ilbc.cc" />
    <ClCompile Include="..\..\webrtc\webrtc\modules\audio_coding\codecs\ilbc\audio_decoder_ilbc.cc" />
    <ClCompile Include="..\..\webrtc\webrtc\modules\audio_coding\codecs\ilbc\xcorr_coef.c" />
    <ClCompile Include="..\..\webrtc\webrtc\modules\audio_coding\codecs\ilbc\window32_w32.c" />
    <ClCompile Include="..\..\webrtc\webrtc\modules\audio_coding\codecs\ilbc\vq4.c" />
    <ClCompile Include="..\..\webrtc\webrtc\modules\audio_coding\codecs\ilbc\vq3.c" />
    <ClCompile Include="..\..\webrtc\webrtc\modules\audio_coding\codecs\ilbc\unpack_bits.c" />
    <ClCompile Include="..\..\webrtc\webrtc\modules\audio_coding\codecs\ilbc\swap_bytes.c" />
    <ClCompile Include="..\..\webrtc\webrtc\modules\audio_coding\codecs\ilbc\state_search.c" />
    <ClCompile Include="..\..\webrtc\webrtc\modules\audio_coding\codecs\ilbc\state_construct.c" />
    <ClCompile Include="..\..\webrtc\webrtc\modules\audio_coding\codecs\ilbc\split_vq.c" />
    <ClCompile Include="..\..\webrtc\webrtc\modules\audio_coding\codecs\ilbc\sort_sq.c" />
    <ClCompile Include="..\..\webrtc\webrtc\modules\audio_coding\codecs\ilbc\smooth_out_data.c" />
    <ClCompile Include="..\..\webrtc\webrtc\modules\audio_coding\codecs\ilbc\smooth.c" />
    <ClCompile Include="..\..\webrtc\webrtc\modules\audio_coding\codecs\ilbc\simple_lsf_quant.c" />
    <ClCompile Include="..\..\webrtc\webrtc\modules\audio_coding\codecs\ilbc\simple_lsf_dequant.c" />
    <ClCompile Include="..\..\webrtc\webrtc\modules\audio_coding\codecs\ilbc\simple_lpc_analysis.c" />
    <ClCompile Include="..\..\webrtc\webrtc\modules\audio_coding\codecs\ilbc\simple_interpolate_lsf.c" />
    <ClCompile Include="..\..\webrtc\webrtc\modules\audio_coding\codecs\ilbc\refiner.c" />
    <ClCompile Include="..\..\webrtc\webrtc\modules\audio_coding\codecs\ilbc\poly_to_lsp.c" />
    <ClCompile Include="..\..\webrtc\webrtc\modules\audio_coding\codecs\ilbc\poly_to_lsf.c" />
    <ClCompile Include="..\..\webrtc\webrtc\modules\audio_coding\codecs\ilbc\pack_bits.c" />
    <ClCompile Include="..\..\webrtc\webrtc\modules\audio_coding\codecs\ilbc\nearest_neighbor.c" />
    <ClCompile Include="..\..\webrtc\webrtc\modules\audio_coding\codecs\ilbc\my_corr.c" />
    <ClCompile Include="..\..\webrtc\webrtc\modules\audio_coding\codecs\ilbc\lsp_to_lsf.c" />
    <ClCompile Include="..\..\webrtc\webrtc\modules\audio_coding\codecs\ilbc\lsf_to_poly.c" />
    <ClCompile Include="..\..\webrtc\webrtc\modules\audio_coding\codecs\ilbc\lsf_to_lsp.c" />
    <ClCompile Include="..\..\webrtc\webrtc\modules\audio_coding\codecs\ilbc\lsf_interpolate_to_poly_enc.c" />
    <ClCompile Include="..\..\webrtc\webrtc\modules\audio_coding\codecs\ilbc\lsf_interpolate_to_poly_dec.c" />
    <ClCompile Include="..\..\webrtc\webrtc\modules\audio_coding\codecs\ilbc\lsf_check.c" />
    <ClCompile Include="..\..\webrtc\webrtc\modules\audio_coding\codecs\ilbc\lpc_encode.c" />
    <ClCompile Include="..\..\webrtc\webrtc\modules\audio_coding\codecs\ilbc\interpolate_samples.c" />
    <ClCompile Include="..\..\webrtc\webrtc\modules\audio_coding\codecs\ilbc\interpolate.c" />
    <ClCompile Include="..\..\webrtc\webrtc\modules\audio_coding\codecs\ilbc\init_encode.c" />
    <ClCompile Include="..\..\webrtc\webrtc\modules\audio_coding\codecs\ilbc\init_decode.c" />
    <ClCompile Include="..\..\webrtc\webrtc\modules\audio_coding\codecs\ilbc\index_conv_enc.c" />
    <ClCompile Include="..\..\webrtc\webrtc\modules\audio_coding\codecs\ilbc\index_conv_dec.c" />
    <ClCompile Include="..\..\webrtc\webrtc\modules\audio_coding\codecs\ilbc\ilbc.c" />
    <ClCompile Include="..\..\webrtc\webrtc\modules\audio_coding\codecs\ilbc\hp_output.c" />
    <ClCompile Include="..\..\webrtc\webrtc\modules\audio_coding\codecs\ilbc\hp_input.c" />
    <ClCompile Include="..\..\webrtc\webrtc\modules\audio_coding\codecs\ilbc\get_sync_seq.c" />
    <ClCompile Include="..\..\webrtc\webrtc\modules\audio_coding\codecs\ilbc\get_lsp_poly.c" />
    <ClCompile Include="..\..\webrtc\webrtc\modules\audio_coding\codecs\ilbc\get_cd_vec.c" />
    <ClCompile Include="..\..\webrtc\webrtc\modules\audio_coding\codecs\ilbc\gain_quant.c" />
    <ClCompile Include="..\..\webrtc\webrtc\modules\audio_coding\codecs\ilbc\gain_dequant.c" />
    <ClCompile Include="..\..\webrtc\webrtc\modules\audio_coding\codecs\ilbc\frame_classify.c" />
    <ClCompile Include="..\..\webrtc\webrtc\modules\audio_coding\codecs\ilbc\filtered_cb_vecs.c" />
    <ClCompile Include="..\..\webrtc\webrtc\modules\audio_coding\codecs\ilbc\enhancer_interface.c" />
    <ClCompile Include="..\..\webrtc\webrtc\modules\audio_coding\codecs\ilbc\enhancer.c" />
    <ClCompile Include="..\..\webrtc\webrtc\modules\audio_coding\codecs\ilbc\enh_upsample.c" />
    <ClCompile Include="..\..\webrtc\webrtc\modules\audio_coding\codecs\ilbc\energy_inverse.c" />
    <ClCompile Include="..\..\webrtc\webrtc\modules\audio_coding\codecs\ilbc\encode.c" />
    <ClCompile Include="..\..\webrtc\webrtc\modules\audio_coding\codecs\ilbc\do_plc.c" />
    <ClCompile Include="..\..\webrtc\webrtc\modules\audio_coding\codecs\ilbc\decoder_interpolate_lsf.c" />
    <ClCompile Include="..\..\webrtc\webrtc\modules\audio_coding\codecs\ilbc\decode_residual.c" />
    <ClCompile Include="..\..\webrtc\webrtc\modules\audio_coding\codecs\ilbc\decode.c" />
    <ClCompile Include="..\..\webrtc\webrtc\modules\audio_coding\codecs\ilbc\create_augmented_vec.c" />
    <ClCompile Include="..\..\webrtc\webrtc\modules\audio_coding\codecs\ilbc\constants.c" />
    <ClCompile Include="..\..\webrtc\webrtc\modules\audio_coding\codecs\ilbc\comp_corr.c" />
    <ClCompile Include="..\..\webrtc\webrtc\modules\audio_coding\codecs\ilbc\chebyshev.c" />
    <ClCompile Include="..\..\webrtc\webrtc\modules\audio_coding\codecs\ilbc\cb_update_best_index.c" />
    <ClCompile Include="..\..\webrtc\webrtc\modules\audio_coding\codecs\ilbc\cb_search_core.c" />
    <ClCompile Include="..\..\webrtc\webrtc\modules\audio_coding\codecs\ilbc\cb_search.c" />
    <ClCompile Include="..\..\webrtc\webrtc\modules\audio_coding\codecs\ilbc\cb_mem_energy_calc.c" />
    <ClCompile Include="..\..\webrtc\webrtc\modules\audio_coding\codecs\ilbc\cb_mem_energy_augmentation.c" />
    <ClCompile Include="..\..\webrtc\webrtc\modules\audio_coding\codecs\ilbc\cb_mem_energy.c" />
    <ClCompile Include="..\..\webrtc\webrtc\modules\audio_coding\codecs\ilbc\cb_construct.c" />
    <ClCompile Include="..\..\webrtc\webrtc\modules\audio_coding\codecs\ilbc\bw_expand.c" />
    <ClCompile Include="..\..\webrtc\webrtc\modules\audio_coding\codecs\ilbc\augmented_cb_corr.c" />
    <ClCompile Include="..\..\webrtc\webrtc\modules\audio_coding\codecs\ilbc\abs_quant_loop.c" />
    <ClCompile Include="..\..\webrtc\webrtc\modules\audio_coding\codecs\ilbc\abs_quant.c" />
  </ItemGroup>
</Project>